
Microsoft Visual Studio Solution File, Format Version 12.00
# Visual Studio 15
VisualStudioVersion = 15.0.28307.1778
MinimumVisualStudioVersion = 10.0.40219.1
Project("{FAE04EC0-301F-11D3-BF4B-00C04F79EFBC}") = "POO noite", "POO noite\POO noite.csproj", "{DABAD007-1580-4FD6-9DB0-A4286757F1E7}"
EndProject
Project("{FAE04EC0-301F-11D3-BF4B-00C04F79EFBC}") = "ClasseConta", "ClasseConta\ClasseConta.csproj", "{F3F2D0C3-E0A0-4818-B738-AE3EF9968BBC}"
EndProject
Project("{FAE04EC0-301F-11D3-BF4B-00C04F79EFBC}") = "ClasseFuncionario", "ClasseFuncionario1\ClasseFuncionario.csproj", "{C67B21A5-6219-493D-897C-2B0E51776D86}"
EndProject
Project("{FAE04EC0-301F-11D3-BF4B-00C04F79EFBC}") = "ArrayProduto", "ArrayProduto\ArrayProduto.csproj", "{1627AB58-7283-4E19-9A1E-934401148C69}"
EndProject
Project("{FAE04EC0-301F-11D3-BF4B-00C04F79EFBC}") = "ArrayFuncionario", "ArrayFuncionario\ArrayFuncionario.csproj", "{0F528C7E-9DE9-47BC-8793-C22AAC7047F0}"
EndProject
Project("{FAE04EC0-301F-11D3-BF4B-00C04F79EFBC}") = "EncapsulamentoConta1", "EncapsulamentoConta1\EncapsulamentoConta1.csproj", "{21F954A2-314A-4731-A861-39727F22ED1C}"
EndProject
Project("{FAE04EC0-301F-11D3-BF4B-00C04F79EFBC}") = "EncapsulamentoFuncionario", "EncapsulamentoFuncionario\EncapsulamentoFuncionario.csproj", "{F2A17BB4-5842-44A4-838E-37E1B75D1FD8}"
EndProject
Project("{FAE04EC0-301F-11D3-BF4B-00C04F79EFBC}") = "EncapsulamentoArrayProduto", "EncapsulamentoArrayProduto\EncapsulamentoArrayProduto.csproj", "{EDD99B0D-9655-4B50-9006-9513997159FB}"
EndProject
Project("{FAE04EC0-301F-11D3-BF4B-00C04F79EFBC}") = "ConstrutorConta", "ConstrutorConta\ConstrutorConta.csproj", "{21B8FA3C-5FE4-41A1-86D7-B4F81575833F}"
EndProject
Project("{FAE04EC0-301F-11D3-BF4B-00C04F79EFBC}") = "ConstrutorFuncionario", "ConstrutorFuncionario\ConstrutorFuncionario.csproj", "{DA0A0046-0DA1-4DA0-9BBA-7A2264D95CBF}"
EndProject
Project("{FAE04EC0-301F-11D3-BF4B-00C04F79EFBC}") = "AgregacaoContaCliente", "AgregacaoContaCliente\AgregacaoContaCliente.csproj", "{997FAC1C-1980-44C0-9775-26DED97F942B}"
EndProject
Project("{FAE04EC0-301F-11D3-BF4B-00C04F79EFBC}") = "AgregacaoBibliotecaAluno", "AgregacaoBibliotecaAluno\AgregacaoBibliotecaAluno.csproj", "{8BDC24B4-BFC9-43C5-9B06-B77F58A0A1CD}"
EndProject
Project("{FAE04EC0-301F-11D3-BF4B-00C04F79EFBC}") = "AgregacaoArrayContaCliente", "AgregacaoArrayContaCliente\AgregacaoArrayContaCliente.csproj", "{40E5EAC0-B5CA-491F-8B79-D981C46447E8}"
EndProject
Project("{FAE04EC0-301F-11D3-BF4B-00C04F79EFBC}") = "AgregacaoArrayBibliotecaAluno", "AgregacaoArrayBibliotecaAluno\AgregacaoArrayBibliotecaAluno.csproj", "{9AD7B61B-E233-483B-AECA-1160610AF9F8}"
EndProject
Project("{FAE04EC0-301F-11D3-BF4B-00C04F79EFBC}") = "ComposicaoNotaFiscal", "ComposicaoNotaFiscal\ComposicaoNotaFiscal.csproj", "{EA8C5D82-A73B-45AB-99C3-0198B1361A59}"
EndProject
Project("{FAE04EC0-301F-11D3-BF4B-00C04F79EFBC}") = "AgregacaoVendaProduto", "AgregacaoVendaProduto\AgregacaoVendaProduto.csproj", "{3AD3A6F4-DBCC-4645-91B9-3BD94E590F0E}"
EndProject
Project("{FAE04EC0-301F-11D3-BF4B-00C04F79EFBC}") = "ComposicaoBancoContaCorrente", "ComposicaoBancoContaCorrente\ComposicaoBancoContaCorrente.csproj", "{0EB1B2F7-4D70-40EB-B324-21C0B7856031}"
EndProject
Project("{FAE04EC0-301F-11D3-BF4B-00C04F79EFBC}") = "HerancaCliente", "HerancaCliente\HerancaCliente.csproj", "{5814AACB-C2F7-4DE5-8F37-11271BE626F8}"
EndProject
Project("{FAE04EC0-301F-11D3-BF4B-00C04F79EFBC}") = "HerancaProduto", "HerancaProduto\HerancaProduto.csproj", "{F16FF0B1-8C88-42A7-9784-6B20ACCEEF24}"
EndProject
Project("{FAE04EC0-301F-11D3-BF4B-00C04F79EFBC}") = "HerancaFuncionario", "HerancaFuncionario\HerancaFuncionario.csproj", "{B3B8C1DE-EE7E-42F1-93B4-D994ADFAEDD5}"
EndProject
Project("{FAE04EC0-301F-11D3-BF4B-00C04F79EFBC}") = "AbstratoCliente", "AbstratoCliente\AbstratoCliente.csproj", "{D6851BD5-E615-43B8-9D69-6B76840E9930}"
EndProject
Global
	GlobalSection(SolutionConfigurationPlatforms) = preSolution
		Debug|Any CPU = Debug|Any CPU
		Debug|x64 = Debug|x64
		Debug|x86 = Debug|x86
		Release|Any CPU = Release|Any CPU
		Release|x64 = Release|x64
		Release|x86 = Release|x86
	EndGlobalSection
	GlobalSection(ProjectConfigurationPlatforms) = postSolution
		{DABAD007-1580-4FD6-9DB0-A4286757F1E7}.Debug|Any CPU.ActiveCfg = Debug|Any CPU
		{DABAD007-1580-4FD6-9DB0-A4286757F1E7}.Debug|Any CPU.Build.0 = Debug|Any CPU
		{DABAD007-1580-4FD6-9DB0-A4286757F1E7}.Debug|x64.ActiveCfg = Debug|Any CPU
		{DABAD007-1580-4FD6-9DB0-A4286757F1E7}.Debug|x64.Build.0 = Debug|Any CPU
		{DABAD007-1580-4FD6-9DB0-A4286757F1E7}.Debug|x86.ActiveCfg = Debug|Any CPU
		{DABAD007-1580-4FD6-9DB0-A4286757F1E7}.Debug|x86.Build.0 = Debug|Any CPU
		{DABAD007-1580-4FD6-9DB0-A4286757F1E7}.Release|Any CPU.ActiveCfg = Release|Any CPU
		{DABAD007-1580-4FD6-9DB0-A4286757F1E7}.Release|Any CPU.Build.0 = Release|Any CPU
		{DABAD007-1580-4FD6-9DB0-A4286757F1E7}.Release|x64.ActiveCfg = Release|Any CPU
		{DABAD007-1580-4FD6-9DB0-A4286757F1E7}.Release|x64.Build.0 = Release|Any CPU
		{DABAD007-1580-4FD6-9DB0-A4286757F1E7}.Release|x86.ActiveCfg = Release|Any CPU
		{DABAD007-1580-4FD6-9DB0-A4286757F1E7}.Release|x86.Build.0 = Release|Any CPU
		{F3F2D0C3-E0A0-4818-B738-AE3EF9968BBC}.Debug|Any CPU.ActiveCfg = Debug|Any CPU
		{F3F2D0C3-E0A0-4818-B738-AE3EF9968BBC}.Debug|Any CPU.Build.0 = Debug|Any CPU
		{F3F2D0C3-E0A0-4818-B738-AE3EF9968BBC}.Debug|x64.ActiveCfg = Debug|Any CPU
		{F3F2D0C3-E0A0-4818-B738-AE3EF9968BBC}.Debug|x64.Build.0 = Debug|Any CPU
		{F3F2D0C3-E0A0-4818-B738-AE3EF9968BBC}.Debug|x86.ActiveCfg = Debug|Any CPU
		{F3F2D0C3-E0A0-4818-B738-AE3EF9968BBC}.Debug|x86.Build.0 = Debug|Any CPU
		{F3F2D0C3-E0A0-4818-B738-AE3EF9968BBC}.Release|Any CPU.ActiveCfg = Release|Any CPU
		{F3F2D0C3-E0A0-4818-B738-AE3EF9968BBC}.Release|Any CPU.Build.0 = Release|Any CPU
		{F3F2D0C3-E0A0-4818-B738-AE3EF9968BBC}.Release|x64.ActiveCfg = Release|Any CPU
		{F3F2D0C3-E0A0-4818-B738-AE3EF9968BBC}.Release|x64.Build.0 = Release|Any CPU
		{F3F2D0C3-E0A0-4818-B738-AE3EF9968BBC}.Release|x86.ActiveCfg = Release|Any CPU
		{F3F2D0C3-E0A0-4818-B738-AE3EF9968BBC}.Release|x86.Build.0 = Release|Any CPU
		{C67B21A5-6219-493D-897C-2B0E51776D86}.Debug|Any CPU.ActiveCfg = Debug|Any CPU
		{C67B21A5-6219-493D-897C-2B0E51776D86}.Debug|Any CPU.Build.0 = Debug|Any CPU
		{C67B21A5-6219-493D-897C-2B0E51776D86}.Debug|x64.ActiveCfg = Debug|Any CPU
		{C67B21A5-6219-493D-897C-2B0E51776D86}.Debug|x64.Build.0 = Debug|Any CPU
		{C67B21A5-6219-493D-897C-2B0E51776D86}.Debug|x86.ActiveCfg = Debug|Any CPU
		{C67B21A5-6219-493D-897C-2B0E51776D86}.Debug|x86.Build.0 = Debug|Any CPU
		{C67B21A5-6219-493D-897C-2B0E51776D86}.Release|Any CPU.ActiveCfg = Release|Any CPU
		{C67B21A5-6219-493D-897C-2B0E51776D86}.Release|Any CPU.Build.0 = Release|Any CPU
		{C67B21A5-6219-493D-897C-2B0E51776D86}.Release|x64.ActiveCfg = Release|Any CPU
		{C67B21A5-6219-493D-897C-2B0E51776D86}.Release|x64.Build.0 = Release|Any CPU
		{C67B21A5-6219-493D-897C-2B0E51776D86}.Release|x86.ActiveCfg = Release|Any CPU
		{C67B21A5-6219-493D-897C-2B0E51776D86}.Release|x86.Build.0 = Release|Any CPU
		{1627AB58-7283-4E19-9A1E-934401148C69}.Debug|Any CPU.ActiveCfg = Debug|Any CPU
		{1627AB58-7283-4E19-9A1E-934401148C69}.Debug|Any CPU.Build.0 = Debug|Any CPU
		{1627AB58-7283-4E19-9A1E-934401148C69}.Debug|x64.ActiveCfg = Debug|Any CPU
		{1627AB58-7283-4E19-9A1E-934401148C69}.Debug|x64.Build.0 = Debug|Any CPU
		{1627AB58-7283-4E19-9A1E-934401148C69}.Debug|x86.ActiveCfg = Debug|Any CPU
		{1627AB58-7283-4E19-9A1E-934401148C69}.Debug|x86.Build.0 = Debug|Any CPU
		{1627AB58-7283-4E19-9A1E-934401148C69}.Release|Any CPU.ActiveCfg = Release|Any CPU
		{1627AB58-7283-4E19-9A1E-934401148C69}.Release|Any CPU.Build.0 = Release|Any CPU
		{1627AB58-7283-4E19-9A1E-934401148C69}.Release|x64.ActiveCfg = Release|Any CPU
		{1627AB58-7283-4E19-9A1E-934401148C69}.Release|x64.Build.0 = Release|Any CPU
		{1627AB58-7283-4E19-9A1E-934401148C69}.Release|x86.ActiveCfg = Release|Any CPU
		{1627AB58-7283-4E19-9A1E-934401148C69}.Release|x86.Build.0 = Release|Any CPU
		{0F528C7E-9DE9-47BC-8793-C22AAC7047F0}.Debug|Any CPU.ActiveCfg = Debug|Any CPU
		{0F528C7E-9DE9-47BC-8793-C22AAC7047F0}.Debug|Any CPU.Build.0 = Debug|Any CPU
		{0F528C7E-9DE9-47BC-8793-C22AAC7047F0}.Debug|x64.ActiveCfg = Debug|Any CPU
		{0F528C7E-9DE9-47BC-8793-C22AAC7047F0}.Debug|x64.Build.0 = Debug|Any CPU
		{0F528C7E-9DE9-47BC-8793-C22AAC7047F0}.Debug|x86.ActiveCfg = Debug|Any CPU
		{0F528C7E-9DE9-47BC-8793-C22AAC7047F0}.Debug|x86.Build.0 = Debug|Any CPU
		{0F528C7E-9DE9-47BC-8793-C22AAC7047F0}.Release|Any CPU.ActiveCfg = Release|Any CPU
		{0F528C7E-9DE9-47BC-8793-C22AAC7047F0}.Release|Any CPU.Build.0 = Release|Any CPU
		{0F528C7E-9DE9-47BC-8793-C22AAC7047F0}.Release|x64.ActiveCfg = Release|Any CPU
		{0F528C7E-9DE9-47BC-8793-C22AAC7047F0}.Release|x64.Build.0 = Release|Any CPU
		{0F528C7E-9DE9-47BC-8793-C22AAC7047F0}.Release|x86.ActiveCfg = Release|Any CPU
		{0F528C7E-9DE9-47BC-8793-C22AAC7047F0}.Release|x86.Build.0 = Release|Any CPU
		{21F954A2-314A-4731-A861-39727F22ED1C}.Debug|Any CPU.ActiveCfg = Debug|Any CPU
		{21F954A2-314A-4731-A861-39727F22ED1C}.Debug|Any CPU.Build.0 = Debug|Any CPU
		{21F954A2-314A-4731-A861-39727F22ED1C}.Debug|x64.ActiveCfg = Debug|Any CPU
		{21F954A2-314A-4731-A861-39727F22ED1C}.Debug|x64.Build.0 = Debug|Any CPU
		{21F954A2-314A-4731-A861-39727F22ED1C}.Debug|x86.ActiveCfg = Debug|Any CPU
		{21F954A2-314A-4731-A861-39727F22ED1C}.Debug|x86.Build.0 = Debug|Any CPU
		{21F954A2-314A-4731-A861-39727F22ED1C}.Release|Any CPU.ActiveCfg = Release|Any CPU
		{21F954A2-314A-4731-A861-39727F22ED1C}.Release|Any CPU.Build.0 = Release|Any CPU
		{21F954A2-314A-4731-A861-39727F22ED1C}.Release|x64.ActiveCfg = Release|Any CPU
		{21F954A2-314A-4731-A861-39727F22ED1C}.Release|x64.Build.0 = Release|Any CPU
		{21F954A2-314A-4731-A861-39727F22ED1C}.Release|x86.ActiveCfg = Release|Any CPU
		{21F954A2-314A-4731-A861-39727F22ED1C}.Release|x86.Build.0 = Release|Any CPU
		{F2A17BB4-5842-44A4-838E-37E1B75D1FD8}.Debug|Any CPU.ActiveCfg = Debug|Any CPU
		{F2A17BB4-5842-44A4-838E-37E1B75D1FD8}.Debug|Any CPU.Build.0 = Debug|Any CPU
		{F2A17BB4-5842-44A4-838E-37E1B75D1FD8}.Debug|x64.ActiveCfg = Debug|Any CPU
		{F2A17BB4-5842-44A4-838E-37E1B75D1FD8}.Debug|x64.Build.0 = Debug|Any CPU
		{F2A17BB4-5842-44A4-838E-37E1B75D1FD8}.Debug|x86.ActiveCfg = Debug|Any CPU
		{F2A17BB4-5842-44A4-838E-37E1B75D1FD8}.Debug|x86.Build.0 = Debug|Any CPU
		{F2A17BB4-5842-44A4-838E-37E1B75D1FD8}.Release|Any CPU.ActiveCfg = Release|Any CPU
		{F2A17BB4-5842-44A4-838E-37E1B75D1FD8}.Release|Any CPU.Build.0 = Release|Any CPU
		{F2A17BB4-5842-44A4-838E-37E1B75D1FD8}.Release|x64.ActiveCfg = Release|Any CPU
		{F2A17BB4-5842-44A4-838E-37E1B75D1FD8}.Release|x64.Build.0 = Release|Any CPU
		{F2A17BB4-5842-44A4-838E-37E1B75D1FD8}.Release|x86.ActiveCfg = Release|Any CPU
		{F2A17BB4-5842-44A4-838E-37E1B75D1FD8}.Release|x86.Build.0 = Release|Any CPU
		{EDD99B0D-9655-4B50-9006-9513997159FB}.Debug|Any CPU.ActiveCfg = Debug|Any CPU
		{EDD99B0D-9655-4B50-9006-9513997159FB}.Debug|Any CPU.Build.0 = Debug|Any CPU
		{EDD99B0D-9655-4B50-9006-9513997159FB}.Debug|x64.ActiveCfg = Debug|Any CPU
		{EDD99B0D-9655-4B50-9006-9513997159FB}.Debug|x64.Build.0 = Debug|Any CPU
		{EDD99B0D-9655-4B50-9006-9513997159FB}.Debug|x86.ActiveCfg = Debug|Any CPU
		{EDD99B0D-9655-4B50-9006-9513997159FB}.Debug|x86.Build.0 = Debug|Any CPU
		{EDD99B0D-9655-4B50-9006-9513997159FB}.Release|Any CPU.ActiveCfg = Release|Any CPU
		{EDD99B0D-9655-4B50-9006-9513997159FB}.Release|Any CPU.Build.0 = Release|Any CPU
		{EDD99B0D-9655-4B50-9006-9513997159FB}.Release|x64.ActiveCfg = Release|Any CPU
		{EDD99B0D-9655-4B50-9006-9513997159FB}.Release|x64.Build.0 = Release|Any CPU
		{EDD99B0D-9655-4B50-9006-9513997159FB}.Release|x86.ActiveCfg = Release|Any CPU
		{EDD99B0D-9655-4B50-9006-9513997159FB}.Release|x86.Build.0 = Release|Any CPU
		{21B8FA3C-5FE4-41A1-86D7-B4F81575833F}.Debug|Any CPU.ActiveCfg = Debug|Any CPU
		{21B8FA3C-5FE4-41A1-86D7-B4F81575833F}.Debug|Any CPU.Build.0 = Debug|Any CPU
		{21B8FA3C-5FE4-41A1-86D7-B4F81575833F}.Debug|x64.ActiveCfg = Debug|Any CPU
		{21B8FA3C-5FE4-41A1-86D7-B4F81575833F}.Debug|x64.Build.0 = Debug|Any CPU
		{21B8FA3C-5FE4-41A1-86D7-B4F81575833F}.Debug|x86.ActiveCfg = Debug|Any CPU
		{21B8FA3C-5FE4-41A1-86D7-B4F81575833F}.Debug|x86.Build.0 = Debug|Any CPU
		{21B8FA3C-5FE4-41A1-86D7-B4F81575833F}.Release|Any CPU.ActiveCfg = Release|Any CPU
		{21B8FA3C-5FE4-41A1-86D7-B4F81575833F}.Release|Any CPU.Build.0 = Release|Any CPU
		{21B8FA3C-5FE4-41A1-86D7-B4F81575833F}.Release|x64.ActiveCfg = Release|Any CPU
		{21B8FA3C-5FE4-41A1-86D7-B4F81575833F}.Release|x64.Build.0 = Release|Any CPU
		{21B8FA3C-5FE4-41A1-86D7-B4F81575833F}.Release|x86.ActiveCfg = Release|Any CPU
		{21B8FA3C-5FE4-41A1-86D7-B4F81575833F}.Release|x86.Build.0 = Release|Any CPU
		{DA0A0046-0DA1-4DA0-9BBA-7A2264D95CBF}.Debug|Any CPU.ActiveCfg = Debug|Any CPU
		{DA0A0046-0DA1-4DA0-9BBA-7A2264D95CBF}.Debug|Any CPU.Build.0 = Debug|Any CPU
		{DA0A0046-0DA1-4DA0-9BBA-7A2264D95CBF}.Debug|x64.ActiveCfg = Debug|Any CPU
		{DA0A0046-0DA1-4DA0-9BBA-7A2264D95CBF}.Debug|x64.Build.0 = Debug|Any CPU
		{DA0A0046-0DA1-4DA0-9BBA-7A2264D95CBF}.Debug|x86.ActiveCfg = Debug|Any CPU
		{DA0A0046-0DA1-4DA0-9BBA-7A2264D95CBF}.Debug|x86.Build.0 = Debug|Any CPU
		{DA0A0046-0DA1-4DA0-9BBA-7A2264D95CBF}.Release|Any CPU.ActiveCfg = Release|Any CPU
		{DA0A0046-0DA1-4DA0-9BBA-7A2264D95CBF}.Release|Any CPU.Build.0 = Release|Any CPU
		{DA0A0046-0DA1-4DA0-9BBA-7A2264D95CBF}.Release|x64.ActiveCfg = Release|Any CPU
		{DA0A0046-0DA1-4DA0-9BBA-7A2264D95CBF}.Release|x64.Build.0 = Release|Any CPU
		{DA0A0046-0DA1-4DA0-9BBA-7A2264D95CBF}.Release|x86.ActiveCfg = Release|Any CPU
		{DA0A0046-0DA1-4DA0-9BBA-7A2264D95CBF}.Release|x86.Build.0 = Release|Any CPU
		{997FAC1C-1980-44C0-9775-26DED97F942B}.Debug|Any CPU.ActiveCfg = Debug|Any CPU
		{997FAC1C-1980-44C0-9775-26DED97F942B}.Debug|Any CPU.Build.0 = Debug|Any CPU
		{997FAC1C-1980-44C0-9775-26DED97F942B}.Debug|x64.ActiveCfg = Debug|Any CPU
		{997FAC1C-1980-44C0-9775-26DED97F942B}.Debug|x64.Build.0 = Debug|Any CPU
		{997FAC1C-1980-44C0-9775-26DED97F942B}.Debug|x86.ActiveCfg = Debug|Any CPU
		{997FAC1C-1980-44C0-9775-26DED97F942B}.Debug|x86.Build.0 = Debug|Any CPU
		{997FAC1C-1980-44C0-9775-26DED97F942B}.Release|Any CPU.ActiveCfg = Release|Any CPU
		{997FAC1C-1980-44C0-9775-26DED97F942B}.Release|Any CPU.Build.0 = Release|Any CPU
		{997FAC1C-1980-44C0-9775-26DED97F942B}.Release|x64.ActiveCfg = Release|Any CPU
		{997FAC1C-1980-44C0-9775-26DED97F942B}.Release|x64.Build.0 = Release|Any CPU
		{997FAC1C-1980-44C0-9775-26DED97F942B}.Release|x86.ActiveCfg = Release|Any CPU
		{997FAC1C-1980-44C0-9775-26DED97F942B}.Release|x86.Build.0 = Release|Any CPU
		{8BDC24B4-BFC9-43C5-9B06-B77F58A0A1CD}.Debug|Any CPU.ActiveCfg = Debug|Any CPU
		{8BDC24B4-BFC9-43C5-9B06-B77F58A0A1CD}.Debug|Any CPU.Build.0 = Debug|Any CPU
		{8BDC24B4-BFC9-43C5-9B06-B77F58A0A1CD}.Debug|x64.ActiveCfg = Debug|Any CPU
		{8BDC24B4-BFC9-43C5-9B06-B77F58A0A1CD}.Debug|x64.Build.0 = Debug|Any CPU
		{8BDC24B4-BFC9-43C5-9B06-B77F58A0A1CD}.Debug|x86.ActiveCfg = Debug|Any CPU
		{8BDC24B4-BFC9-43C5-9B06-B77F58A0A1CD}.Debug|x86.Build.0 = Debug|Any CPU
		{8BDC24B4-BFC9-43C5-9B06-B77F58A0A1CD}.Release|Any CPU.ActiveCfg = Release|Any CPU
		{8BDC24B4-BFC9-43C5-9B06-B77F58A0A1CD}.Release|Any CPU.Build.0 = Release|Any CPU
		{8BDC24B4-BFC9-43C5-9B06-B77F58A0A1CD}.Release|x64.ActiveCfg = Release|Any CPU
		{8BDC24B4-BFC9-43C5-9B06-B77F58A0A1CD}.Release|x64.Build.0 = Release|Any CPU
		{8BDC24B4-BFC9-43C5-9B06-B77F58A0A1CD}.Release|x86.ActiveCfg = Release|Any CPU
		{8BDC24B4-BFC9-43C5-9B06-B77F58A0A1CD}.Release|x86.Build.0 = Release|Any CPU
		{40E5EAC0-B5CA-491F-8B79-D981C46447E8}.Debug|Any CPU.ActiveCfg = Debug|Any CPU
		{40E5EAC0-B5CA-491F-8B79-D981C46447E8}.Debug|Any CPU.Build.0 = Debug|Any CPU
		{40E5EAC0-B5CA-491F-8B79-D981C46447E8}.Debug|x64.ActiveCfg = Debug|Any CPU
		{40E5EAC0-B5CA-491F-8B79-D981C46447E8}.Debug|x64.Build.0 = Debug|Any CPU
		{40E5EAC0-B5CA-491F-8B79-D981C46447E8}.Debug|x86.ActiveCfg = Debug|Any CPU
		{40E5EAC0-B5CA-491F-8B79-D981C46447E8}.Debug|x86.Build.0 = Debug|Any CPU
		{40E5EAC0-B5CA-491F-8B79-D981C46447E8}.Release|Any CPU.ActiveCfg = Release|Any CPU
		{40E5EAC0-B5CA-491F-8B79-D981C46447E8}.Release|Any CPU.Build.0 = Release|Any CPU
		{40E5EAC0-B5CA-491F-8B79-D981C46447E8}.Release|x64.ActiveCfg = Release|Any CPU
		{40E5EAC0-B5CA-491F-8B79-D981C46447E8}.Release|x64.Build.0 = Release|Any CPU
		{40E5EAC0-B5CA-491F-8B79-D981C46447E8}.Release|x86.ActiveCfg = Release|Any CPU
		{40E5EAC0-B5CA-491F-8B79-D981C46447E8}.Release|x86.Build.0 = Release|Any CPU
		{9AD7B61B-E233-483B-AECA-1160610AF9F8}.Debug|Any CPU.ActiveCfg = Debug|Any CPU
		{9AD7B61B-E233-483B-AECA-1160610AF9F8}.Debug|Any CPU.Build.0 = Debug|Any CPU
		{9AD7B61B-E233-483B-AECA-1160610AF9F8}.Debug|x64.ActiveCfg = Debug|Any CPU
		{9AD7B61B-E233-483B-AECA-1160610AF9F8}.Debug|x64.Build.0 = Debug|Any CPU
		{9AD7B61B-E233-483B-AECA-1160610AF9F8}.Debug|x86.ActiveCfg = Debug|Any CPU
		{9AD7B61B-E233-483B-AECA-1160610AF9F8}.Debug|x86.Build.0 = Debug|Any CPU
		{9AD7B61B-E233-483B-AECA-1160610AF9F8}.Release|Any CPU.ActiveCfg = Release|Any CPU
		{9AD7B61B-E233-483B-AECA-1160610AF9F8}.Release|Any CPU.Build.0 = Release|Any CPU
		{9AD7B61B-E233-483B-AECA-1160610AF9F8}.Release|x64.ActiveCfg = Release|Any CPU
		{9AD7B61B-E233-483B-AECA-1160610AF9F8}.Release|x64.Build.0 = Release|Any CPU
		{9AD7B61B-E233-483B-AECA-1160610AF9F8}.Release|x86.ActiveCfg = Release|Any CPU
		{9AD7B61B-E233-483B-AECA-1160610AF9F8}.Release|x86.Build.0 = Release|Any CPU
		{EA8C5D82-A73B-45AB-99C3-0198B1361A59}.Debug|Any CPU.ActiveCfg = Debug|Any CPU
		{EA8C5D82-A73B-45AB-99C3-0198B1361A59}.Debug|Any CPU.Build.0 = Debug|Any CPU
		{EA8C5D82-A73B-45AB-99C3-0198B1361A59}.Debug|x64.ActiveCfg = Debug|Any CPU
		{EA8C5D82-A73B-45AB-99C3-0198B1361A59}.Debug|x64.Build.0 = Debug|Any CPU
		{EA8C5D82-A73B-45AB-99C3-0198B1361A59}.Debug|x86.ActiveCfg = Debug|Any CPU
		{EA8C5D82-A73B-45AB-99C3-0198B1361A59}.Debug|x86.Build.0 = Debug|Any CPU
		{EA8C5D82-A73B-45AB-99C3-0198B1361A59}.Release|Any CPU.ActiveCfg = Release|Any CPU
		{EA8C5D82-A73B-45AB-99C3-0198B1361A59}.Release|Any CPU.Build.0 = Release|Any CPU
		{EA8C5D82-A73B-45AB-99C3-0198B1361A59}.Release|x64.ActiveCfg = Release|Any CPU
		{EA8C5D82-A73B-45AB-99C3-0198B1361A59}.Release|x64.Build.0 = Release|Any CPU
		{EA8C5D82-A73B-45AB-99C3-0198B1361A59}.Release|x86.ActiveCfg = Release|Any CPU
		{EA8C5D82-A73B-45AB-99C3-0198B1361A59}.Release|x86.Build.0 = Release|Any CPU
		{3AD3A6F4-DBCC-4645-91B9-3BD94E590F0E}.Debug|Any CPU.ActiveCfg = Debug|Any CPU
		{3AD3A6F4-DBCC-4645-91B9-3BD94E590F0E}.Debug|Any CPU.Build.0 = Debug|Any CPU
		{3AD3A6F4-DBCC-4645-91B9-3BD94E590F0E}.Debug|x64.ActiveCfg = Debug|Any CPU
		{3AD3A6F4-DBCC-4645-91B9-3BD94E590F0E}.Debug|x64.Build.0 = Debug|Any CPU
		{3AD3A6F4-DBCC-4645-91B9-3BD94E590F0E}.Debug|x86.ActiveCfg = Debug|Any CPU
		{3AD3A6F4-DBCC-4645-91B9-3BD94E590F0E}.Debug|x86.Build.0 = Debug|Any CPU
		{3AD3A6F4-DBCC-4645-91B9-3BD94E590F0E}.Release|Any CPU.ActiveCfg = Release|Any CPU
		{3AD3A6F4-DBCC-4645-91B9-3BD94E590F0E}.Release|Any CPU.Build.0 = Release|Any CPU
		{3AD3A6F4-DBCC-4645-91B9-3BD94E590F0E}.Release|x64.ActiveCfg = Release|Any CPU
		{3AD3A6F4-DBCC-4645-91B9-3BD94E590F0E}.Release|x64.Build.0 = Release|Any CPU
		{3AD3A6F4-DBCC-4645-91B9-3BD94E590F0E}.Release|x86.ActiveCfg = Release|Any CPU
		{3AD3A6F4-DBCC-4645-91B9-3BD94E590F0E}.Release|x86.Build.0 = Release|Any CPU
		{0EB1B2F7-4D70-40EB-B324-21C0B7856031}.Debug|Any CPU.ActiveCfg = Debug|Any CPU
		{0EB1B2F7-4D70-40EB-B324-21C0B7856031}.Debug|Any CPU.Build.0 = Debug|Any CPU
		{0EB1B2F7-4D70-40EB-B324-21C0B7856031}.Debug|x64.ActiveCfg = Debug|Any CPU
		{0EB1B2F7-4D70-40EB-B324-21C0B7856031}.Debug|x64.Build.0 = Debug|Any CPU
		{0EB1B2F7-4D70-40EB-B324-21C0B7856031}.Debug|x86.ActiveCfg = Debug|Any CPU
		{0EB1B2F7-4D70-40EB-B324-21C0B7856031}.Debug|x86.Build.0 = Debug|Any CPU
		{0EB1B2F7-4D70-40EB-B324-21C0B7856031}.Release|Any CPU.ActiveCfg = Release|Any CPU
		{0EB1B2F7-4D70-40EB-B324-21C0B7856031}.Release|Any CPU.Build.0 = Release|Any CPU
		{0EB1B2F7-4D70-40EB-B324-21C0B7856031}.Release|x64.ActiveCfg = Release|Any CPU
		{0EB1B2F7-4D70-40EB-B324-21C0B7856031}.Release|x64.Build.0 = Release|Any CPU
		{0EB1B2F7-4D70-40EB-B324-21C0B7856031}.Release|x86.ActiveCfg = Release|Any CPU
		{0EB1B2F7-4D70-40EB-B324-21C0B7856031}.Release|x86.Build.0 = Release|Any CPU
		{5814AACB-C2F7-4DE5-8F37-11271BE626F8}.Debug|Any CPU.ActiveCfg = Debug|Any CPU
		{5814AACB-C2F7-4DE5-8F37-11271BE626F8}.Debug|Any CPU.Build.0 = Debug|Any CPU
		{5814AACB-C2F7-4DE5-8F37-11271BE626F8}.Debug|x64.ActiveCfg = Debug|Any CPU
		{5814AACB-C2F7-4DE5-8F37-11271BE626F8}.Debug|x64.Build.0 = Debug|Any CPU
		{5814AACB-C2F7-4DE5-8F37-11271BE626F8}.Debug|x86.ActiveCfg = Debug|Any CPU
		{5814AACB-C2F7-4DE5-8F37-11271BE626F8}.Debug|x86.Build.0 = Debug|Any CPU
		{5814AACB-C2F7-4DE5-8F37-11271BE626F8}.Release|Any CPU.ActiveCfg = Release|Any CPU
		{5814AACB-C2F7-4DE5-8F37-11271BE626F8}.Release|Any CPU.Build.0 = Release|Any CPU
		{5814AACB-C2F7-4DE5-8F37-11271BE626F8}.Release|x64.ActiveCfg = Release|Any CPU
		{5814AACB-C2F7-4DE5-8F37-11271BE626F8}.Release|x64.Build.0 = Release|Any CPU
		{5814AACB-C2F7-4DE5-8F37-11271BE626F8}.Release|x86.ActiveCfg = Release|Any CPU
		{5814AACB-C2F7-4DE5-8F37-11271BE626F8}.Release|x86.Build.0 = Release|Any CPU
		{F16FF0B1-8C88-42A7-9784-6B20ACCEEF24}.Debug|Any CPU.ActiveCfg = Debug|Any CPU
		{F16FF0B1-8C88-42A7-9784-6B20ACCEEF24}.Debug|Any CPU.Build.0 = Debug|Any CPU
		{F16FF0B1-8C88-42A7-9784-6B20ACCEEF24}.Debug|x64.ActiveCfg = Debug|Any CPU
		{F16FF0B1-8C88-42A7-9784-6B20ACCEEF24}.Debug|x64.Build.0 = Debug|Any CPU
		{F16FF0B1-8C88-42A7-9784-6B20ACCEEF24}.Debug|x86.ActiveCfg = Debug|Any CPU
		{F16FF0B1-8C88-42A7-9784-6B20ACCEEF24}.Debug|x86.Build.0 = Debug|Any CPU
		{F16FF0B1-8C88-42A7-9784-6B20ACCEEF24}.Release|Any CPU.ActiveCfg = Release|Any CPU
		{F16FF0B1-8C88-42A7-9784-6B20ACCEEF24}.Release|Any CPU.Build.0 = Release|Any CPU
		{F16FF0B1-8C88-42A7-9784-6B20ACCEEF24}.Release|x64.ActiveCfg = Release|Any CPU
		{F16FF0B1-8C88-42A7-9784-6B20ACCEEF24}.Release|x64.Build.0 = Release|Any CPU
		{F16FF0B1-8C88-42A7-9784-6B20ACCEEF24}.Release|x86.ActiveCfg = Release|Any CPU
		{F16FF0B1-8C88-42A7-9784-6B20ACCEEF24}.Release|x86.Build.0 = Release|Any CPU
		{B3B8C1DE-EE7E-42F1-93B4-D994ADFAEDD5}.Debug|Any CPU.ActiveCfg = Debug|Any CPU
		{B3B8C1DE-EE7E-42F1-93B4-D994ADFAEDD5}.Debug|Any CPU.Build.0 = Debug|Any CPU
		{B3B8C1DE-EE7E-42F1-93B4-D994ADFAEDD5}.Debug|x64.ActiveCfg = Debug|Any CPU
		{B3B8C1DE-EE7E-42F1-93B4-D994ADFAEDD5}.Debug|x64.Build.0 = Debug|Any CPU
		{B3B8C1DE-EE7E-42F1-93B4-D994ADFAEDD5}.Debug|x86.ActiveCfg = Debug|Any CPU
		{B3B8C1DE-EE7E-42F1-93B4-D994ADFAEDD5}.Debug|x86.Build.0 = Debug|Any CPU
		{B3B8C1DE-EE7E-42F1-93B4-D994ADFAEDD5}.Release|Any CPU.ActiveCfg = Release|Any CPU
		{B3B8C1DE-EE7E-42F1-93B4-D994ADFAEDD5}.Release|Any CPU.Build.0 = Release|Any CPU
		{B3B8C1DE-EE7E-42F1-93B4-D994ADFAEDD5}.Release|x64.ActiveCfg = Release|Any CPU
		{B3B8C1DE-EE7E-42F1-93B4-D994ADFAEDD5}.Release|x64.Build.0 = Release|Any CPU
		{B3B8C1DE-EE7E-42F1-93B4-D994ADFAEDD5}.Release|x86.ActiveCfg = Release|Any CPU
		{B3B8C1DE-EE7E-42F1-93B4-D994ADFAEDD5}.Release|x86.Build.0 = Release|Any CPU
		{D6851BD5-E615-43B8-9D69-6B76840E9930}.Debug|Any CPU.ActiveCfg = Debug|Any CPU
		{D6851BD5-E615-43B8-9D69-6B76840E9930}.Debug|Any CPU.Build.0 = Debug|Any CPU
		{D6851BD5-E615-43B8-9D69-6B76840E9930}.Debug|x64.ActiveCfg = Debug|Any CPU
		{D6851BD5-E615-43B8-9D69-6B76840E9930}.Debug|x64.Build.0 = Debug|Any CPU
		{D6851BD5-E615-43B8-9D69-6B76840E9930}.Debug|x86.ActiveCfg = Debug|Any CPU
		{D6851BD5-E615-43B8-9D69-6B76840E9930}.Debug|x86.Build.0 = Debug|Any CPU
		{D6851BD5-E615-43B8-9D69-6B76840E9930}.Release|Any CPU.ActiveCfg = Release|Any CPU
		{D6851BD5-E615-43B8-9D69-6B76840E9930}.Release|Any CPU.Build.0 = Release|Any CPU
		{D6851BD5-E615-43B8-9D69-6B76840E9930}.Release|x64.ActiveCfg = Release|Any CPU
		{D6851BD5-E615-43B8-9D69-6B76840E9930}.Release|x64.Build.0 = Release|Any CPU
		{D6851BD5-E615-43B8-9D69-6B76840E9930}.Release|x86.ActiveCfg = Release|Any CPU
		{D6851BD5-E615-43B8-9D69-6B76840E9930}.Release|x86.Build.0 = Release|Any CPU
	EndGlobalSection
	GlobalSection(SolutionProperties) = preSolution
		HideSolutionNode = FALSE
	EndGlobalSection
	GlobalSection(ExtensibilityGlobals) = postSolution
		SolutionGuid = {8249E624-7C1E-45A6-8C4F-FAC685FF10D9}
	EndGlobalSection
EndGlobal
